
Microsoft Visual Studio Solution File, Format Version 12.00
# Visual Studio Version 16
VisualStudioVersion = 16.0.29329.13
MinimumVisualStudioVersion = 10.0.40219.1
Project("{9A19103F-16F7-4668-BE54-9A1E7A4F7556}") = "AClassLibrary", "src\AClassLibrary\AClassLibrary.csproj", "{34A3A668-3E71-414A-AF66-A631DFE40AD3}"
EndProject
Global
	GlobalSection(SolutionConfigurationPlatforms) = preSolution
		Debug|Any CPU = Debug|Any CPU
		Release|Any CPU = Release|Any CPU
	EndGlobalSection
	GlobalSection(ProjectConfigurationPlatforms) = postSolution
		{34A3A668-3E71-414A-AF66-A631DFE40AD3}.Debug|Any CPU.ActiveCfg = Debug|Any CPU
		{34A3A668-3E71-414A-AF66-A631DFE40AD3}.Debug|Any CPU.Build.0 = Debug|Any CPU
		{34A3A668-3E71-414A-AF66-A631DFE40AD3}.Release|Any CPU.ActiveCfg = Release|Any CPU
		{34A3A668-3E71-414A-AF66-A631DFE40AD3}.Release|Any CPU.Build.0 = Release|Any CPU
	EndGlobalSection
	GlobalSection(SolutionProperties) = preSolution
		HideSolutionNode = FALSE
	EndGlobalSection
	GlobalSection(ExtensibilityGlobals) = postSolution
		SolutionGuid = {7B9ED579-E5CF-4481-BC05-9417228086E1}
	EndGlobalSection
EndGlobal
